
Microsoft Visual Studio Solution File, Format Version 12.00
# Visual Studio Version 17
VisualStudioVersion = 17.1.32421.90
MinimumVisualStudioVersion = 10.0.40219.1
Project("{FAE04EC0-301F-11D3-BF4B-00C04F79EFBC}") = "ProductWebApp", "ProductWebApp\ProductWebApp.csproj", "{5DE5BDC7-44FC-4514-AF6C-4761BB6A25FB}"
EndProject
Project("{FAE04EC0-301F-11D3-BF4B-00C04F79EFBC}") = "ProductWebApp.Entities", "ProductWebApp.Entities\ProductWebApp.Entities.csproj", "{1F483215-34F4-4E10-9BB9-B1CA026BF2D2}"
EndProject
Project("{FAE04EC0-301F-11D3-BF4B-00C04F79EFBC}") = "ProductWebApp.Repository", "ProductWebApp.Repository\ProductWebApp.Repository.csproj", "{5EAA39CE-A7B4-4E05-B079-BF4E2E108E8E}"
EndProject
Project("{FAE04EC0-301F-11D3-BF4B-00C04F79EFBC}") = "ProductWebApp.Business", "ProductWebApp.Business\ProductWebApp.Business.csproj", "{03BCC35B-5390-4C8A-83C6-7DC8A878D66E}"
EndProject
Project("{FAE04EC0-301F-11D3-BF4B-00C04F79EFBC}") = "BulkUploadTestConsole", "BulkUploadTestConsole\BulkUploadTestConsole.csproj", "{D5DC028B-0D95-4760-883B-69B9546AB5E8}"
EndProject
Project("{FAE04EC0-301F-11D3-BF4B-00C04F79EFBC}") = "WordSearch", "WordSearch\WordSearch.csproj", "{C1B1D76E-AF87-48F8-9A2A-2058C27F5932}"
EndProject
Global
	GlobalSection(SolutionConfigurationPlatforms) = preSolution
		Debug|Any CPU = Debug|Any CPU
		Release|Any CPU = Release|Any CPU
	EndGlobalSection
	GlobalSection(ProjectConfigurationPlatforms) = postSolution
		{5DE5BDC7-44FC-4514-AF6C-4761BB6A25FB}.Debug|Any CPU.ActiveCfg = Debug|Any CPU
		{5DE5BDC7-44FC-4514-AF6C-4761BB6A25FB}.Debug|Any CPU.Build.0 = Debug|Any CPU
		{5DE5BDC7-44FC-4514-AF6C-4761BB6A25FB}.Release|Any CPU.ActiveCfg = Release|Any CPU
		{5DE5BDC7-44FC-4514-AF6C-4761BB6A25FB}.Release|Any CPU.Build.0 = Release|Any CPU
		{1F483215-34F4-4E10-9BB9-B1CA026BF2D2}.Debug|Any CPU.ActiveCfg = Debug|Any CPU
		{1F483215-34F4-4E10-9BB9-B1CA026BF2D2}.Debug|Any CPU.Build.0 = Debug|Any CPU
		{1F483215-34F4-4E10-9BB9-B1CA026BF2D2}.Release|Any CPU.ActiveCfg = Release|Any CPU
		{1F483215-34F4-4E10-9BB9-B1CA026BF2D2}.Release|Any CPU.Build.0 = Release|Any CPU
		{5EAA39CE-A7B4-4E05-B079-BF4E2E108E8E}.Debug|Any CPU.ActiveCfg = Debug|Any CPU
		{5EAA39CE-A7B4-4E05-B079-BF4E2E108E8E}.Debug|Any CPU.Build.0 = Debug|Any CPU
		{5EAA39CE-A7B4-4E05-B079-BF4E2E108E8E}.Release|Any CPU.ActiveCfg = Release|Any CPU
		{5EAA39CE-A7B4-4E05-B079-BF4E2E108E8E}.Release|Any CPU.Build.0 = Release|Any CPU
		{03BCC35B-5390-4C8A-83C6-7DC8A878D66E}.Debug|Any CPU.ActiveCfg = Debug|Any CPU
		{03BCC35B-5390-4C8A-83C6-7DC8A878D66E}.Debug|Any CPU.Build.0 = Debug|Any CPU
		{03BCC35B-5390-4C8A-83C6-7DC8A878D66E}.Release|Any CPU.ActiveCfg = Release|Any CPU
		{03BCC35B-5390-4C8A-83C6-7DC8A878D66E}.Release|Any CPU.Build.0 = Release|Any CPU
		{D5DC028B-0D95-4760-883B-69B9546AB5E8}.Debug|Any CPU.ActiveCfg = Debug|Any CPU
		{D5DC028B-0D95-4760-883B-69B9546AB5E8}.Debug|Any CPU.Build.0 = Debug|Any CPU
		{D5DC028B-0D95-4760-883B-69B9546AB5E8}.Release|Any CPU.ActiveCfg = Release|Any CPU
		{D5DC028B-0D95-4760-883B-69B9546AB5E8}.Release|Any CPU.Build.0 = Release|Any CPU
		{C1B1D76E-AF87-48F8-9A2A-2058C27F5932}.Debug|Any CPU.ActiveCfg = Debug|Any CPU
		{C1B1D76E-AF87-48F8-9A2A-2058C27F5932}.Debug|Any CPU.Build.0 = Debug|Any CPU
		{C1B1D76E-AF87-48F8-9A2A-2058C27F5932}.Release|Any CPU.ActiveCfg = Release|Any CPU
		{C1B1D76E-AF87-48F8-9A2A-2058C27F5932}.Release|Any CPU.Build.0 = Release|Any CPU
	EndGlobalSection
	GlobalSection(SolutionProperties) = preSolution
		HideSolutionNode = FALSE
	EndGlobalSection
	GlobalSection(ExtensibilityGlobals) = postSolution
		SolutionGuid = {A03AA140-28CA-48D4-9C24-6C29ECCF3DA7}
	EndGlobalSection
EndGlobal
